
Microsoft Visual Studio Solution File, Format Version 12.00
# Visual Studio Version 17
VisualStudioVersion = 17.11.35312.102
MinimumVisualStudioVersion = 10.0.40219.1
Project("{FAE04EC0-301F-11D3-BF4B-00C04F79EFBC}") = "nbbpfei_reworked", "nbbpfei_reworked.csproj", "{353B0F75-A7E3-4440-843B-0C20CD17B53E}"
EndProject
Global
	GlobalSection(SolutionConfigurationPlatforms) = preSolution
		Debug|Any CPU = Debug|Any CPU
		Release|Any CPU = Release|Any CPU
	EndGlobalSection
	GlobalSection(ProjectConfigurationPlatforms) = postSolution
		{353B0F75-A7E3-4440-843B-0C20CD17B53E}.Debug|Any CPU.ActiveCfg = Debug|Any CPU
		{353B0F75-A7E3-4440-843B-0C20CD17B53E}.Debug|Any CPU.Build.0 = Debug|Any CPU
		{353B0F75-A7E3-4440-843B-0C20CD17B53E}.Release|Any CPU.ActiveCfg = Release|Any CPU
		{353B0F75-A7E3-4440-843B-0C20CD17B53E}.Release|Any CPU.Build.0 = Release|Any CPU
	EndGlobalSection
	GlobalSection(SolutionProperties) = preSolution
		HideSolutionNode = FALSE
	EndGlobalSection
	GlobalSection(ExtensibilityGlobals) = postSolution
		SolutionGuid = {C3D455A3-BA3E-4C90-B0E2-E300437631B6}
	EndGlobalSection
EndGlobal
